
Microsoft Visual Studio Solution File, Format Version 12.00
# Visual Studio Version 17
VisualStudioVersion = 17.8.34525.116
MinimumVisualStudioVersion = 10.0.40219.1
Project("{888888A0-9F3D-457C-B088-3A5042F75D52}") = "Magic8Ball", "Magic8Ball\Magic8Ball.pyproj", "{4E04D799-9FAB-43A0-A6C7-DAE69FE26B93}"
EndProject
Global
	GlobalSection(SolutionConfigurationPlatforms) = preSolution
		Debug|Any CPU = Debug|Any CPU
		Release|Any CPU = Release|Any CPU
	EndGlobalSection
	GlobalSection(ProjectConfigurationPlatforms) = postSolution
		{4E04D799-9FAB-43A0-A6C7-DAE69FE26B93}.Debug|Any CPU.ActiveCfg = Debug|Any CPU
		{4E04D799-9FAB-43A0-A6C7-DAE69FE26B93}.Release|Any CPU.ActiveCfg = Release|Any CPU
	EndGlobalSection
	GlobalSection(SolutionProperties) = preSolution
		HideSolutionNode = FALSE
	EndGlobalSection
	GlobalSection(ExtensibilityGlobals) = postSolution
		SolutionGuid = {86372CA5-04B5-42C8-A83B-B831579646BF}
	EndGlobalSection
EndGlobal
